// !$*UTF8*$!
{
	archiveVersion = 1;
	classes = {
	};
	objectVersion = 46;
	objects = {

/* Begin PBXBuildFile section */
		939F80851D9365EA00871E70 /* AppDelegate.swift in Sources */ = {isa = PBXBuildFile; fileRef = 939F80841D9365EA00871E70 /* AppDelegate.swift */; };
		939F80871D9365EA00871E70 /* ViewController.swift in Sources */ = {isa = PBXBuildFile; fileRef = 939F80861D9365EA00871E70 /* ViewController.swift */; };
		939F808A1D9365EA00871E70 /* Main.storyboard in Resources */ = {isa = PBXBuildFile; fileRef = 939F80881D9365EA00871E70 /* Main.storyboard */; };
		939F808C1D9365EA00871E70 /* Assets.xcassets in Resources */ = {isa = PBXBuildFile; fileRef = 939F808B1D9365EA00871E70 /* Assets.xcassets */; };
		939F808F1D9365EA00871E70 /* LaunchScreen.storyboard in Resources */ = {isa = PBXBuildFile; fileRef = 939F808D1D9365EA00871E70 /* LaunchScreen.storyboard */; };
		939F809A1D9365EA00871E70 /* WeatherRadarTests.swift in Sources */ = {isa = PBXBuildFile; fileRef = 939F80991D9365EA00871E70 /* WeatherRadarTests.swift */; };
		939F80A51D9365EA00871E70 /* WeatherRadarUITests.swift in Sources */ = {isa = PBXBuildFile; fileRef = 939F80A41D9365EA00871E70 /* WeatherRadarUITests.swift */; };
		939F80BA1D93664C00871E70 /* Assets.xcassets in Resources */ = {isa = PBXBuildFile; fileRef = 939F80B21D93664C00871E70 /* Assets.xcassets */; };
		939F80BB1D93664C00871E70 /* Base.lproj in Resources */ = {isa = PBXBuildFile; fileRef = 939F80B31D93664C00871E70 /* Base.lproj */; };
		939F80BC1D93664C00871E70 /* Constants.swift in Sources */ = {isa = PBXBuildFile; fileRef = 939F80B41D93664C00871E70 /* Constants.swift */; };
		939F80BD1D93664C00871E70 /* GCDBlackBox.swift in Sources */ = {isa = PBXBuildFile; fileRef = 939F80B51D93664C00871E70 /* GCDBlackBox.swift */; };
		939F80BE1D93664C00871E70 /* Graph in Resources */ = {isa = PBXBuildFile; fileRef = 939F80B61D93664C00871E70 /* Graph */; };
		939F80BF1D93664C00871E70 /* LocationSearchTable.swift in Sources */ = {isa = PBXBuildFile; fileRef = 939F80B71D93664C00871E70 /* LocationSearchTable.swift */; };
		939F80C01D93664C00871E70 /* WeatherDetailsViewController.swift in Sources */ = {isa = PBXBuildFile; fileRef = 939F80B81D93664C00871E70 /* WeatherDetailsViewController.swift */; };
		939F80C11D93664C00871E70 /* weatherMarkerAnnotation.swift in Sources */ = {isa = PBXBuildFile; fileRef = 939F80B91D93664C00871E70 /* weatherMarkerAnnotation.swift */; };
/* End PBXBuildFile section */

/* Begin PBXContainerItemProxy section */
		939F80961D9365EA00871E70 /* PBXContainerItemProxy */ = {
			isa = PBXContainerItemProxy;
			containerPortal = 939F80791D9365EA00871E70 /* Project object */;
			proxyType = 1;
			remoteGlobalIDString = 939F80801D9365EA00871E70;
			remoteInfo = WeatherRadar;
		};
		939F80A11D9365EA00871E70 /* PBXContainerItemProxy */ = {
			isa = PBXContainerItemProxy;
			containerPortal = 939F80791D9365EA00871E70 /* Project object */;
			proxyType = 1;
			remoteGlobalIDString = 939F80801D9365EA00871E70;
			remoteInfo = WeatherRadar;
		};
/* End PBXContainerItemProxy section */

/* Begin PBXFileReference section */
		939F80811D9365EA00871E70 /* WeatherRadar.app */ = {isa = PBXFileReference; explicitFileType = wrapper.application; includeInIndex = 0; path = WeatherRadar.app; sourceTree = BUILT_PRODUCTS_DIR; };
		939F80841D9365EA00871E70 /* AppDelegate.swift */ = {isa = PBXFileReference; lastKnownFileType = sourcecode.swift; path = AppDelegate.swift; sourceTree = "<group>"; };
		939F80861D9365EA00871E70 /* ViewController.swift */ = {isa = PBXFileReference; lastKnownFileType = sourcecode.swift; path = ViewController.swift; sourceTree = "<group>"; };
		939F80891D9365EA00871E70 /* Base */ = {isa = PBXFileReference; lastKnownFileType = file.storyboard; name = Base; path = Base.lproj/Main.storyboard; sourceTree = "<group>"; };
		939F808B1D9365EA00871E70 /* Assets.xcassets */ = {isa = PBXFileReference; lastKnownFileType = folder.assetcatalog; path = Assets.xcassets; sourceTree = "<group>"; };
		939F808E1D9365EA00871E70 /* Base */ = {isa = PBXFileReference; lastKnownFileType = file.storyboard; name = Base; path = Base.lproj/LaunchScreen.storyboard; sourceTree = "<group>"; };
		939F80901D9365EA00871E70 /* Info.plist */ = {isa = PBXFileReference; lastKnownFileType = text.plist.xml; path = Info.plist; sourceTree = "<group>"; };
		939F80951D9365EA00871E70 /* WeatherRadarTests.xctest */ = {isa = PBXFileReference; explicitFileType = wrapper.cfbundle; includeInIndex = 0; path = WeatherRadarTests.xctest; sourceTree = BUILT_PRODUCTS_DIR; };
		939F80991D9365EA00871E70 /* WeatherRadarTests.swift */ = {isa = PBXFileReference; lastKnownFileType = sourcecode.swift; path = WeatherRadarTests.swift; sourceTree = "<group>"; };
		939F809B1D9365EA00871E70 /* Info.plist */ = {isa = PBXFileReference; lastKnownFileType = text.plist.xml; path = Info.plist; sourceTree = "<group>"; };
		939F80A01D9365EA00871E70 /* WeatherRadarUITests.xctest */ = {isa = PBXFileReference; explicitFileType = wrapper.cfbundle; includeInIndex = 0; path = WeatherRadarUITests.xctest; sourceTree = BUILT_PRODUCTS_DIR; };
		939F80A41D9365EA00871E70 /* WeatherRadarUITests.swift */ = {isa = PBXFileReference; lastKnownFileType = sourcecode.swift; path = WeatherRadarUITests.swift; sourceTree = "<group>"; };
		939F80A61D9365EA00871E70 /* Info.plist */ = {isa = PBXFileReference; lastKnownFileType = text.plist.xml; path = Info.plist; sourceTree = "<group>"; };
		939F80B21D93664C00871E70 /* Assets.xcassets */ = {isa = PBXFileReference; lastKnownFileType = folder.assetcatalog; path = Assets.xcassets; sourceTree = "<group>"; };
		939F80B31D93664C00871E70 /* Base.lproj */ = {isa = PBXFileReference; lastKnownFileType = folder; path = Base.lproj; sourceTree = "<group>"; };
		939F80B41D93664C00871E70 /* Constants.swift */ = {isa = PBXFileReference; fileEncoding = 4; lastKnownFileType = sourcecode.swift; path = Constants.swift; sourceTree = "<group>"; };
		939F80B51D93664C00871E70 /* GCDBlackBox.swift */ = {isa = PBXFileReference; fileEncoding = 4; lastKnownFileType = sourcecode.swift; path = GCDBlackBox.swift; sourceTree = "<group>"; };
		939F80B61D93664C00871E70 /* Graph */ = {isa = PBXFileReference; lastKnownFileType = folder; path = Graph; sourceTree = "<group>"; };
		939F80B71D93664C00871E70 /* LocationSearchTable.swift */ = {isa = PBXFileReference; fileEncoding = 4; lastKnownFileType = sourcecode.swift; path = LocationSearchTable.swift; sourceTree = "<group>"; };
		939F80B81D93664C00871E70 /* WeatherDetailsViewController.swift */ = {isa = PBXFileReference; fileEncoding = 4; lastKnownFileType = sourcecode.swift; path = WeatherDetailsViewController.swift; sourceTree = "<group>"; };
		939F80B91D93664C00871E70 /* weatherMarkerAnnotation.swift */ = {isa = PBXFileReference; fileEncoding = 4; lastKnownFileType = sourcecode.swift; path = weatherMarkerAnnotation.swift; sourceTree = "<group>"; };
/* End PBXFileReference section */

/* Begin PBXFrameworksBuildPhase section */
		939F807E1D9365EA00871E70 /* Frameworks */ = {
			isa = PBXFrameworksBuildPhase;
			buildActionMask = 2147483647;
			files = (
			);
			runOnlyForDeploymentPostprocessing = 0;
		};
		939F80921D9365EA00871E70 /* Frameworks */ = {
			isa = PBXFrameworksBuildPhase;
			buildActionMask = 2147483647;
			files = (
			);
			runOnlyForDeploymentPostprocessing = 0;
		};
		939F809D1D9365EA00871E70 /* Frameworks */ = {
			isa = PBXFrameworksBuildPhase;
			buildActionMask = 2147483647;
			files = (
			);
			runOnlyForDeploymentPostprocessing = 0;
		};
/* End PBXFrameworksBuildPhase section */

/* Begin PBXGroup section */
		939F80781D9365EA00871E70 = {
			isa = PBXGroup;
			children = (
				939F80831D9365EA00871E70 /* WeatherRadar */,
				939F80981D9365EA00871E70 /* WeatherRadarTests */,
				939F80A31D9365EA00871E70 /* WeatherRadarUITests */,
				939F80821D9365EA00871E70 /* Products */,
			);
			sourceTree = "<group>";
		};
		939F80821D9365EA00871E70 /* Products */ = {
			isa = PBXGroup;
			children = (
				939F80811D9365EA00871E70 /* WeatherRadar.app */,
				939F80951D9365EA00871E70 /* WeatherRadarTests.xctest */,
				939F80A01D9365EA00871E70 /* WeatherRadarUITests.xctest */,
			);
			name = Products;
			sourceTree = "<group>";
		};
		939F80831D9365EA00871E70 /* WeatherRadar */ = {
			isa = PBXGroup;
			children = (
				939F80B21D93664C00871E70 /* Assets.xcassets */,
				939F80B31D93664C00871E70 /* Base.lproj */,
				939F80B41D93664C00871E70 /* Constants.swift */,
				939F80B51D93664C00871E70 /* GCDBlackBox.swift */,
				939F80B61D93664C00871E70 /* Graph */,
				939F80B71D93664C00871E70 /* LocationSearchTable.swift */,
				939F80B81D93664C00871E70 /* WeatherDetailsViewController.swift */,
				939F80B91D93664C00871E70 /* weatherMarkerAnnotation.swift */,
				939F80841D9365EA00871E70 /* AppDelegate.swift */,
				939F80861D9365EA00871E70 /* ViewController.swift */,
				939F80881D9365EA00871E70 /* Main.storyboard */,
				939F808B1D9365EA00871E70 /* Assets.xcassets */,
				939F808D1D9365EA00871E70 /* LaunchScreen.storyboard */,
				939F80901D9365EA00871E70 /* Info.plist */,
			);
			path = WeatherRadar;
			sourceTree = "<group>";
		};
		939F80981D9365EA00871E70 /* WeatherRadarTests */ = {
			isa = PBXGroup;
			children = (
				939F80991D9365EA00871E70 /* WeatherRadarTests.swift */,
				939F809B1D9365EA00871E70 /* Info.plist */,
			);
			path = WeatherRadarTests;
			sourceTree = "<group>";
		};
		939F80A31D9365EA00871E70 /* WeatherRadarUITests */ = {
			isa = PBXGroup;
			children = (
				939F80A41D9365EA00871E70 /* WeatherRadarUITests.swift */,
				939F80A61D9365EA00871E70 /* Info.plist */,
			);
			path = WeatherRadarUITests;
			sourceTree = "<group>";
		};
/* End PBXGroup section */

/* Begin PBXNativeTarget section */
		939F80801D9365EA00871E70 /* WeatherRadar */ = {
			isa = PBXNativeTarget;
			buildConfigurationList = 939F80A91D9365EA00871E70 /* Build configuration list for PBXNativeTarget "WeatherRadar" */;
			buildPhases = (
				939F807D1D9365EA00871E70 /* Sources */,
				939F807E1D9365EA00871E70 /* Frameworks */,
				939F807F1D9365EA00871E70 /* Resources */,
			);
			buildRules = (
			);
			dependencies = (
			);
			name = WeatherRadar;
			productName = WeatherRadar;
			productReference = 939F80811D9365EA00871E70 /* WeatherRadar.app */;
			productType = "com.apple.product-type.application";
		};
		939F80941D9365EA00871E70 /* WeatherRadarTests */ = {
			isa = PBXNativeTarget;
			buildConfigurationList = 939F80AC1D9365EA00871E70 /* Build configuration list for PBXNativeTarget "WeatherRadarTests" */;
			buildPhases = (
				939F80911D9365EA00871E70 /* Sources */,
				939F80921D9365EA00871E70 /* Frameworks */,
				939F80931D9365EA00871E70 /* Resources */,
			);
			buildRules = (
			);
			dependencies = (
				939F80971D9365EA00871E70 /* PBXTargetDependency */,
			);
			name = WeatherRadarTests;
			productName = WeatherRadarTests;
			productReference = 939F80951D9365EA00871E70 /* WeatherRadarTests.xctest */;
			productType = "com.apple.product-type.bundle.unit-test";
		};
		939F809F1D9365EA00871E70 /* WeatherRadarUITests */ = {
			isa = PBXNativeTarget;
			buildConfigurationList = 939F80AF1D9365EA00871E70 /* Build configuration list for PBXNativeTarget "WeatherRadarUITests" */;
			buildPhases = (
				939F809C1D9365EA00871E70 /* Sources */,
				939F809D1D9365EA00871E70 /* Frameworks */,
				939F809E1D9365EA00871E70 /* Resources */,
			);
			buildRules = (
			);
			dependencies = (
				939F80A21D9365EA00871E70 /* PBXTargetDependency */,
			);
			name = WeatherRadarUITests;
			productName = WeatherRadarUITests;
			productReference = 939F80A01D9365EA00871E70 /* WeatherRadarUITests.xctest */;
			productType = "com.apple.product-type.bundle.ui-testing";
		};
/* End PBXNativeTarget section */

/* Begin PBXProject section */
		939F80791D9365EA00871E70 /* Project object */ = {
			isa = PBXProject;
			attributes = {
				LastSwiftUpdateCheck = 0800;
				LastUpgradeCheck = 0800;
				ORGANIZATIONNAME = "Yang Zhou";
				TargetAttributes = {
					939F80801D9365EA00871E70 = {
						CreatedOnToolsVersion = 8.0;
						DevelopmentTeam = KXYC24QGDU;
						ProvisioningStyle = Automatic;
					};
					939F80941D9365EA00871E70 = {
						CreatedOnToolsVersion = 8.0;
						DevelopmentTeam = KXYC24QGDU;
						ProvisioningStyle = Automatic;
						TestTargetID = 939F80801D9365EA00871E70;
					};
					939F809F1D9365EA00871E70 = {
						CreatedOnToolsVersion = 8.0;
						DevelopmentTeam = KXYC24QGDU;
						ProvisioningStyle = Automatic;
						TestTargetID = 939F80801D9365EA00871E70;
					};
				};
			};
			buildConfigurationList = 939F807C1D9365EA00871E70 /* Build configuration list for PBXProject "WeatherRadar" */;
			compatibilityVersion = "Xcode 3.2";
			developmentRegion = English;
			hasScannedForEncodings = 0;
			knownRegions = (
				en,
				Base,
			);
			mainGroup = 939F80781D9365EA00871E70;
			productRefGroup = 939F80821D9365EA00871E70 /* Products */;
			projectDirPath = "";
			projectRoot = "";
			targets = (
				939F80801D9365EA00871E70 /* WeatherRadar */,
				939F80941D9365EA00871E70 /* WeatherRadarTests */,
				939F809F1D9365EA00871E70 /* WeatherRadarUITests */,
			);
		};
/* End PBXProject section */

/* Begin PBXResourcesBuildPhase section */
		939F807F1D9365EA00871E70 /* Resources */ = {
			isa = PBXResourcesBuildPhase;
			buildActionMask = 2147483647;
			files = (
				939F808F1D9365EA00871E70 /* LaunchScreen.storyboard in Resources */,
				939F808C1D9365EA00871E70 /* Assets.xcassets in Resources */,
				939F80BB1D93664C00871E70 /* Base.lproj in Resources */,
				939F80BE1D93664C00871E70 /* Graph in Resources */,
				939F80BA1D93664C00871E70 /* Assets.xcassets in Resources */,
				939F808A1D9365EA00871E70 /* Main.storyboard in Resources */,
			);
			runOnlyForDeploymentPostprocessing = 0;
		};
		939F80931D9365EA00871E70 /* Resources */ = {
			isa = PBXResourcesBuildPhase;
			buildActionMask = 2147483647;
			files = (
			);
			runOnlyForDeploymentPostprocessing = 0;
		};
		939F809E1D9365EA00871E70 /* Resources */ = {
			isa = PBXResourcesBuildPhase;
			buildActionMask = 2147483647;
			files = (
			);
			runOnlyForDeploymentPostprocessing = 0;
		};
/* End PBXResourcesBuildPhase section */

/* Begin PBXSourcesBuildPhase section */
		939F807D1D9365EA00871E70 /* Sources */ = {
			isa = PBXSourcesBuildPhase;
			buildActionMask = 2147483647;
			files = (
				939F80BD1D93664C00871E70 /* GCDBlackBox.swift in Sources */,
				939F80BF1D93664C00871E70 /* LocationSearchTable.swift in Sources */,
				939F80C11D93664C00871E70 /* weatherMarkerAnnotation.swift in Sources */,
				939F80C01D93664C00871E70 /* WeatherDetailsViewController.swift in Sources */,
				939F80871D9365EA00871E70 /* ViewController.swift in Sources */,
				939F80851D9365EA00871E70 /* AppDelegate.swift in Sources */,
				939F80BC1D93664C00871E70 /* Constants.swift in Sources */,
			);
			runOnlyForDeploymentPostprocessing = 0;
		};
		939F80911D9365EA00871E70 /* Sources */ = {
			isa = PBXSourcesBuildPhase;
			buildActionMask = 2147483647;
			files = (
				939F809A1D9365EA00871E70 /* WeatherRadarTests.swift in Sources */,
			);
			runOnlyForDeploymentPostprocessing = 0;
		};
		939F809C1D9365EA00871E70 /* Sources */ = {
			isa = PBXSourcesBuildPhase;
			buildActionMask = 2147483647;
			files = (
				939F80A51D9365EA00871E70 /* WeatherRadarUITests.swift in Sources */,
			);
			runOnlyForDeploymentPostprocessing = 0;
		};
/* End PBXSourcesBuildPhase section */

/* Begin PBXTargetDependency section */
		939F80971D9365EA00871E70 /* PBXTargetDependency */ = {
			isa = PBXTargetDependency;
			target = 939F80801D9365EA00871E70 /* WeatherRadar */;
			targetProxy = 939F80961D9365EA00871E70 /* PBXContainerItemProxy */;
		};
		939F80A21D9365EA00871E70 /* PBXTargetDependency */ = {
			isa = PBXTargetDependency;
			target = 939F80801D9365EA00871E70 /* WeatherRadar */;
			targetProxy = 939F80A11D9365EA00871E70 /* PBXContainerItemProxy */;
		};
/* End PBXTargetDependency section */

/* Begin PBXVariantGroup section */
		939F80881D9365EA00871E70 /* Main.storyboard */ = {
			isa = PBXVariantGroup;
			children = (
				939F80891D9365EA00871E70 /* Base */,
			);
			name = Main.storyboard;
			sourceTree = "<group>";
		};
		939F808D1D9365EA00871E70 /* LaunchScreen.storyboard */ = {
			isa = PBXVariantGroup;
			children = (
				939F808E1D9365EA00871E70 /* Base */,
			);
			name = LaunchScreen.storyboard;
			sourceTree = "<group>";
		};
/* End PBXVariantGroup section */

/* Begin XCBuildConfiguration section */
		939F80A71D9365EA00871E70 /* Debug */ = {
			isa = XCBuildConfiguration;
			buildSettings = {
				ALWAYS_SEARCH_USER_PATHS = NO;
				CLANG_ANALYZER_NONNULL = YES;
				CLANG_CXX_LANGUAGE_STANDARD = "gnu++0x";
				CLANG_CXX_LIBRARY = "libc++";
				CLANG_ENABLE_MODULES = YES;
				CLANG_ENABLE_OBJC_ARC = YES;
				CLANG_WARN_BOOL_CONVERSION = YES;
				CLANG_WARN_CONSTANT_CONVERSION = YES;
				CLANG_WARN_DIRECT_OBJC_ISA_USAGE = YES_ERROR;
				CLANG_WARN_DOCUMENTATION_COMMENTS = YES;
				CLANG_WARN_EMPTY_BODY = YES;
				CLANG_WARN_ENUM_CONVERSION = YES;
				CLANG_WARN_INFINITE_RECURSION = YES;
				CLANG_WARN_INT_CONVERSION = YES;
				CLANG_WARN_OBJC_ROOT_CLASS = YES_ERROR;
				CLANG_WARN_SUSPICIOUS_MOVES = YES;
				CLANG_WARN_UNREACHABLE_CODE = YES;
				CLANG_WARN__DUPLICATE_METHOD_MATCH = YES;
				"CODE_SIGN_IDENTITY[sdk=iphoneos*]" = "iPhone Developer";
				COPY_PHASE_STRIP = NO;
				DEBUG_INFORMATION_FORMAT = dwarf;
				ENABLE_STRICT_OBJC_MSGSEND = YES;
				ENABLE_TESTABILITY = YES;
				GCC_C_LANGUAGE_STANDARD = gnu99;
				GCC_DYNAMIC_NO_PIC = NO;
				GCC_NO_COMMON_BLOCKS = YES;
				GCC_OPTIMIZATION_LEVEL = 0;
				GCC_PREPROCESSOR_DEFINITIONS = (
					"DEBUG=1",
					"$(inherited)",
				);
				GCC_WARN_64_TO_32_BIT_CONVERSION = YES;
				GCC_WARN_ABOUT_RETURN_TYPE = YES_ERROR;
				GCC_WARN_UNDECLARED_SELECTOR = YES;
				GCC_WARN_UNINITIALIZED_AUTOS = YES_AGGRESSIVE;
				GCC_WARN_UNUSED_FUNCTION = YES;
				GCC_WARN_UNUSED_VARIABLE = YES;
				IPHONEOS_DEPLOYMENT_TARGET = 10.0;
				MTL_ENABLE_DEBUG_INFO = YES;
				ONLY_ACTIVE_ARCH = YES;
				SDKROOT = iphoneos;
				SWIFT_ACTIVE_COMPILATION_CONDITIONS = DEBUG;
				SWIFT_OPTIMIZATION_LEVEL = "-Onone";
				TARGETED_DEVICE_FAMILY = "1,2";
			};
			name = Debug;
		};
		939F80A81D9365EA00871E70 /* Release */ = {
			isa = XCBuildConfiguration;
			buildSettings = {
				ALWAYS_SEARCH_USER_PATHS = NO;
				CLANG_ANALYZER_NONNULL = YES;
				CLANG_CXX_LANGUAGE_STANDARD = "gnu++0x";
				CLANG_CXX_LIBRARY = "libc++";
				CLANG_ENABLE_MODULES = YES;
				CLANG_ENABLE_OBJC_ARC = YES;
				CLANG_WARN_BOOL_CONVERSION = YES;
				CLANG_WARN_CONSTANT_CONVERSION = YES;
				CLANG_WARN_DIRECT_OBJC_ISA_USAGE = YES_ERROR;
				CLANG_WARN_DOCUMENTATION_COMMENTS = YES;
				CLANG_WARN_EMPTY_BODY = YES;
				CLANG_WARN_ENUM_CONVERSION = YES;
				CLANG_WARN_INFINITE_RECURSION = YES;
				CLANG_WARN_INT_CONVERSION = YES;
				CLANG_WARN_OBJC_ROOT_CLASS = YES_ERROR;
				CLANG_WARN_SUSPICIOUS_MOVES = YES;
				CLANG_WARN_UNREACHABLE_CODE = YES;
				CLANG_WARN__DUPLICATE_METHOD_MATCH = YES;
				"CODE_SIGN_IDENTITY[sdk=iphoneos*]" = "iPhone Developer";
				COPY_PHASE_STRIP = NO;
				DEBUG_INFORMATION_FORMAT = "dwarf-with-dsym";
				ENABLE_NS_ASSERTIONS = NO;
				ENABLE_STRICT_OBJC_MSGSEND = YES;
				GCC_C_LANGUAGE_STANDARD = gnu99;
				GCC_NO_COMMON_BLOCKS = YES;
				GCC_WARN_64_TO_32_BIT_CONVERSION = YES;
				GCC_WARN_ABOUT_RETURN_TYPE = YES_ERROR;
				GCC_WARN_UNDECLARED_SELECTOR = YES;
				GCC_WARN_UNINITIALIZED_AUTOS = YES_AGGRESSIVE;
				GCC_WARN_UNUSED_FUNCTION = YES;
				GCC_WARN_UNUSED_VARIABLE = YES;
				IPHONEOS_DEPLOYMENT_TARGET = 10.0;
				MTL_ENABLE_DEBUG_INFO = NO;
				SDKROOT = iphoneos;
				SWIFT_OPTIMIZATION_LEVEL = "-Owholemodule";
				TARGETED_DEVICE_FAMILY = "1,2";
				VALIDATE_PRODUCT = YES;
			};
			name = Release;
		};
		939F80AA1D9365EA00871E70 /* Debug */ = {
			isa = XCBuildConfiguration;
			buildSettings = {
				ASSETCATALOG_COMPILER_APPICON_NAME = AppIcon;
				DEVELOPMENT_TEAM = KXYC24QGDU;
				INFOPLIST_FILE = WeatherRadar/Info.plist;
				LD_RUNPATH_SEARCH_PATHS = "$(inherited) @executable_path/Frameworks";
				PRODUCT_BUNDLE_IDENTIFIER = com.Yang.WeatherRadar;
				PRODUCT_NAME = "$(TARGET_NAME)";
				SWIFT_VERSION = 3.0;
			};
			name = Debug;
		};
		939F80AB1D9365EA00871E70 /* Release */ = {
			isa = XCBuildConfiguration;
			buildSettings = {
				ASSETCATALOG_COMPILER_APPICON_NAME = AppIcon;
				DEVELOPMENT_TEAM = KXYC24QGDU;
				INFOPLIST_FILE = WeatherRadar/Info.plist;
				LD_RUNPATH_SEARCH_PATHS = "$(inherited) @executable_path/Frameworks";
				PRODUCT_BUNDLE_IDENTIFIER = com.Yang.WeatherRadar;
				PRODUCT_NAME = "$(TARGET_NAME)";
				SWIFT_VERSION = 3.0;
			};
			name = Release;
		};
		939F80AD1D9365EA00871E70 /* Debug */ = {
			isa = XCBuildConfiguration;
			buildSettings = {
				ALWAYS_EMBED_SWIFT_STANDARD_LIBRARIES = YES;
				BUNDLE_LOADER = "$(TEST_HOST)";
				DEVELOPMENT_TEAM = KXYC24QGDU;
				INFOPLIST_FILE = WeatherRadarTests/Info.plist;
				LD_RUNPATH_SEARCH_PATHS = "$(inherited) @executable_path/Frameworks @loader_path/Frameworks";
				PRODUCT_BUNDLE_IDENTIFIER = com.Yang.WeatherRadarTests;
				PRODUCT_NAME = "$(TARGET_NAME)";
				SWIFT_VERSION = 3.0;
				TEST_HOST = "$(BUILT_PRODUCTS_DIR)/WeatherRadar.app/WeatherRadar";
			};
			name = Debug;
		};
		939F80AE1D9365EA00871E70 /* Release */ = {
			isa = XCBuildConfiguration;
			buildSettings = {
				ALWAYS_EMBED_SWIFT_STANDARD_LIBRARIES = YES;
				BUNDLE_LOADER = "$(TEST_HOST)";
				DEVELOPMENT_TEAM = KXYC24QGDU;
				INFOPLIST_FILE = WeatherRadarTests/Info.plist;
				LD_RUNPATH_SEARCH_PATHS = "$(inherited) @executable_path/Frameworks @loader_path/Frameworks";
				PRODUCT_BUNDLE_IDENTIFIER = com.Yang.WeatherRadarTests;
				PRODUCT_NAME = "$(TARGET_NAME)";
				SWIFT_VERSION = 3.0;
				TEST_HOST = "$(BUILT_PRODUCTS_DIR)/WeatherRadar.app/WeatherRadar";
			};
			name = Release;
		};
		939F80B01D9365EA00871E70 /* Debug */ = {
			isa = XCBuildConfiguration;
			buildSettings = {
				ALWAYS_EMBED_SWIFT_STANDARD_LIBRARIES = YES;
				DEVELOPMENT_TEAM = KXYC24QGDU;
				INFOPLIST_FILE = WeatherRadarUITests/Info.plist;
				LD_RUNPATH_SEARCH_PATHS = "$(inherited) @executable_path/Frameworks @loader_path/Frameworks";
				PRODUCT_BUNDLE_IDENTIFIER = com.Yang.WeatherRadarUITests;
				PRODUCT_NAME = "$(TARGET_NAME)";
				SWIFT_VERSION = 3.0;
				TEST_TARGET_NAME = WeatherRadar;
			};
			name = Debug;
		};
		939F80B11D9365EA00871E70 /* Release */ = {
			isa = XCBuildConfiguration;
			buildSettings = {
				ALWAYS_EMBED_SWIFT_STANDARD_LIBRARIES = YES;
				DEVELOPMENT_TEAM = KXYC24QGDU;
				INFOPLIST_FILE = WeatherRadarUITests/Info.plist;
				LD_RUNPATH_SEARCH_PATHS = "$(inherited) @executable_path/Frameworks @loader_path/Frameworks";
				PRODUCT_BUNDLE_IDENTIFIER = com.Yang.WeatherRadarUITests;
				PRODUCT_NAME = "$(TARGET_NAME)";
				SWIFT_VERSION = 3.0;
				TEST_TARGET_NAME = WeatherRadar;
			};
			name = Release;
		};
/* End XCBuildConfiguration section */

/* Begin XCConfigurationList section */
		939F807C1D9365EA00871E70 /* Build configuration list for PBXProject "WeatherRadar" */ = {
			isa = XCConfigurationList;
			buildConfigurations = (
				939F80A71D9365EA00871E70 /* Debug */,
				939F80A81D9365EA00871E70 /* Release */,
			);
			defaultConfigurationIsVisible = 0;
			defaultConfigurationName = Release;
		};
		939F80A91D9365EA00871E70 /* Build configuration list for PBXNativeTarget "WeatherRadar" */ = {
			isa = XCConfigurationList;
			buildConfigurations = (
				939F80AA1D9365EA00871E70 /* Debug */,
				939F80AB1D9365EA00871E70 /* Release */,
			);
			defaultConfigurationIsVisible = 0;
			defaultConfigurationName = Release;
		};
		939F80AC1D9365EA00871E70 /* Build configuration list for PBXNativeTarget "WeatherRadarTests" */ = {
			isa = XCConfigurationList;
			buildConfigurations = (
				939F80AD1D9365EA00871E70 /* Debug */,
				939F80AE1D9365EA00871E70 /* Release */,
			);
			defaultConfigurationIsVisible = 0;
			defaultConfigurationName = Release;
		};
		939F80AF1D9365EA00871E70 /* Build configuration list for PBXNativeTarget "WeatherRadarUITests" */ = {
			isa = XCConfigurationList;
			buildConfigurations = (
				939F80B01D9365EA00871E70 /* Debug */,
				939F80B11D9365EA00871E70 /* Release */,
			);
			defaultConfigurationIsVisible = 0;
			defaultConfigurationName = Release;
		};
/* End XCConfigurationList section */
	};
	rootObject = 939F80791D9365EA00871E70 /* Project object */;
}
